
Microsoft Visual Studio Solution File, Format Version 12.00
# Visual Studio Version 17
VisualStudioVersion = 17.11.35327.3
MinimumVisualStudioVersion = 10.0.40219.1
Project("{9A19103F-16F7-4668-BE54-9A1E7A4F7556}") = "DotsPasswordManager.Web.Api", "DotsPasswordManager.Web.Api\DotsPasswordManager.Web.Api.csproj", "{125A379C-7294-4D5F-92E7-076759688C54}"
EndProject
Project("{2150E333-8FDC-42A3-9474-1A3956D46DE8}") = "Solution Items", "Solution Items", "{D1139BE0-D8BC-4A02-BA35-5D9F3BE46314}"
EndProject
Project("{E53339B2-1760-4266-BCC7-CA923CBCF16C}") = "docker-compose", "docker-compose.dcproj", "{60E45509-6F89-45B7-BFF7-9414069C8CDF}"
EndProject
Project("{FAE04EC0-301F-11D3-BF4B-00C04F79EFBC}") = "DotsPasswordManager.DAL", "DotsPasswordManager.DAL\DotsPasswordManager.DAL.csproj", "{12EA85D4-6D8B-4326-B804-EE6280D6DEB1}"
EndProject
Global
	GlobalSection(SolutionConfigurationPlatforms) = preSolution
		Debug|Any CPU = Debug|Any CPU
		Release|Any CPU = Release|Any CPU
	EndGlobalSection
	GlobalSection(ProjectConfigurationPlatforms) = postSolution
		{125A379C-7294-4D5F-92E7-076759688C54}.Debug|Any CPU.ActiveCfg = Debug|Any CPU
		{125A379C-7294-4D5F-92E7-076759688C54}.Debug|Any CPU.Build.0 = Debug|Any CPU
		{125A379C-7294-4D5F-92E7-076759688C54}.Release|Any CPU.ActiveCfg = Release|Any CPU
		{125A379C-7294-4D5F-92E7-076759688C54}.Release|Any CPU.Build.0 = Release|Any CPU
		{60E45509-6F89-45B7-BFF7-9414069C8CDF}.Debug|Any CPU.ActiveCfg = Debug|Any CPU
		{60E45509-6F89-45B7-BFF7-9414069C8CDF}.Debug|Any CPU.Build.0 = Debug|Any CPU
		{60E45509-6F89-45B7-BFF7-9414069C8CDF}.Release|Any CPU.ActiveCfg = Release|Any CPU
		{60E45509-6F89-45B7-BFF7-9414069C8CDF}.Release|Any CPU.Build.0 = Release|Any CPU
		{12EA85D4-6D8B-4326-B804-EE6280D6DEB1}.Debug|Any CPU.ActiveCfg = Debug|Any CPU
		{12EA85D4-6D8B-4326-B804-EE6280D6DEB1}.Debug|Any CPU.Build.0 = Debug|Any CPU
		{12EA85D4-6D8B-4326-B804-EE6280D6DEB1}.Release|Any CPU.ActiveCfg = Release|Any CPU
		{12EA85D4-6D8B-4326-B804-EE6280D6DEB1}.Release|Any CPU.Build.0 = Release|Any CPU
	EndGlobalSection
	GlobalSection(SolutionProperties) = preSolution
		HideSolutionNode = FALSE
	EndGlobalSection
EndGlobal
